
Microsoft Visual Studio Solution File, Format Version 12.00
# Visual Studio Version 16
VisualStudioVersion = 16.0.29230.47
MinimumVisualStudioVersion = 10.0.40219.1
Project("{FAE04EC0-301F-11D3-BF4B-00C04F79EFBC}") = "Vitec MV", "Vitec MV.csproj", "{ABCB5EFB-6AF9-4186-8B19-064613AD4A72}"
EndProject
Global
	GlobalSection(SolutionConfigurationPlatforms) = preSolution
		Debug|Any CPU = Debug|Any CPU
		Release|Any CPU = Release|Any CPU
	EndGlobalSection
	GlobalSection(ProjectConfigurationPlatforms) = postSolution
		{ABCB5EFB-6AF9-4186-8B19-064613AD4A72}.Debug|Any CPU.ActiveCfg = Debug|Any CPU
		{ABCB5EFB-6AF9-4186-8B19-064613AD4A72}.Debug|Any CPU.Build.0 = Debug|Any CPU
		{ABCB5EFB-6AF9-4186-8B19-064613AD4A72}.Release|Any CPU.ActiveCfg = Release|Any CPU
		{ABCB5EFB-6AF9-4186-8B19-064613AD4A72}.Release|Any CPU.Build.0 = Release|Any CPU
	EndGlobalSection
	GlobalSection(SolutionProperties) = preSolution
		HideSolutionNode = FALSE
	EndGlobalSection
	GlobalSection(ExtensibilityGlobals) = postSolution
		SolutionGuid = {E50F3481-7BB4-4F7F-AD50-AB01779B5BF7}
	EndGlobalSection
EndGlobal
